// !$*UTF8*$!
{
	archiveVersion = 1;
	classes = {
	};
	objectVersion = 46;
	objects = {

/* Begin PBXBuildFile section */
		EB7DBC201A7D53430050CDF2 /* AppDelegate.swift in Sources */ = {isa = PBXBuildFile; fileRef = EB7DBC1F1A7D53430050CDF2 /* AppDelegate.swift */; };
		EB7DBC231A7D53430050CDF2 /* save5.xcdatamodeld in Sources */ = {isa = PBXBuildFile; fileRef = EB7DBC211A7D53430050CDF2 /* save5.xcdatamodeld */; };
		EB7DBC251A7D53430050CDF2 /* ViewController.swift in Sources */ = {isa = PBXBuildFile; fileRef = EB7DBC241A7D53430050CDF2 /* ViewController.swift */; };
		EB7DBC281A7D53430050CDF2 /* Main.storyboard in Resources */ = {isa = PBXBuildFile; fileRef = EB7DBC261A7D53430050CDF2 /* Main.storyboard */; };
		EB7DBC2A1A7D53430050CDF2 /* Images.xcassets in Resources */ = {isa = PBXBuildFile; fileRef = EB7DBC291A7D53430050CDF2 /* Images.xcassets */; };
		EB7DBC2D1A7D53430050CDF2 /* LaunchScreen.xib in Resources */ = {isa = PBXBuildFile; fileRef = EB7DBC2B1A7D53430050CDF2 /* LaunchScreen.xib */; };
		EB7DBC391A7D53430050CDF2 /* save5Tests.swift in Sources */ = {isa = PBXBuildFile; fileRef = EB7DBC381A7D53430050CDF2 /* save5Tests.swift */; };
/* End PBXBuildFile section */

/* Begin PBXContainerItemProxy section */
		EB7DBC331A7D53430050CDF2 /* PBXContainerItemProxy */ = {
			isa = PBXContainerItemProxy;
			containerPortal = EB7DBC121A7D53430050CDF2 /* Project object */;
			proxyType = 1;
			remoteGlobalIDString = EB7DBC191A7D53430050CDF2;
			remoteInfo = save5;
		};
/* End PBXContainerItemProxy section */

/* Begin PBXFileReference section */
		EB7DBC1A1A7D53430050CDF2 /* save5.app */ = {isa = PBXFileReference; explicitFileType = wrapper.application; includeInIndex = 0; path = save5.app; sourceTree = BUILT_PRODUCTS_DIR; };
		EB7DBC1E1A7D53430050CDF2 /* Info.plist */ = {isa = PBXFileReference; lastKnownFileType = text.plist.xml; path = Info.plist; sourceTree = "<group>"; };
		EB7DBC1F1A7D53430050CDF2 /* AppDelegate.swift */ = {isa = PBXFileReference; lastKnownFileType = sourcecode.swift; path = AppDelegate.swift; sourceTree = "<group>"; };
		EB7DBC221A7D53430050CDF2 /* save5.xcdatamodel */ = {isa = PBXFileReference; lastKnownFileType = wrapper.xcdatamodel; path = save5.xcdatamodel; sourceTree = "<group>"; };
		EB7DBC241A7D53430050CDF2 /* ViewController.swift */ = {isa = PBXFileReference; lastKnownFileType = sourcecode.swift; path = ViewController.swift; sourceTree = "<group>"; };
		EB7DBC271A7D53430050CDF2 /* Base */ = {isa = PBXFileReference; lastKnownFileType = file.storyboard; name = Base; path = Base.lproj/Main.storyboard; sourceTree = "<group>"; };
		EB7DBC291A7D53430050CDF2 /* Images.xcassets */ = {isa = PBXFileReference; lastKnownFileType = folder.assetcatalog; path = Images.xcassets; sourceTree = "<group>"; };
		EB7DBC2C1A7D53430050CDF2 /* Base */ = {isa = PBXFileReference; lastKnownFileType = file.xib; name = Base; path = Base.lproj/LaunchScreen.xib; sourceTree = "<group>"; };
		EB7DBC321A7D53430050CDF2 /* save5Tests.xctest */ = {isa = PBXFileReference; explicitFileType = wrapper.cfbundle; includeInIndex = 0; path = save5Tests.xctest; sourceTree = BUILT_PRODUCTS_DIR; };
		EB7DBC371A7D53430050CDF2 /* Info.plist */ = {isa = PBXFileReference; lastKnownFileType = text.plist.xml; path = Info.plist; sourceTree = "<group>"; };
		EB7DBC381A7D53430050CDF2 /* save5Tests.swift */ = {isa = PBXFileReference; lastKnownFileType = sourcecode.swift; path = save5Tests.swift; sourceTree = "<group>"; };
/* End PBXFileReference section */

/* Begin PBXFrameworksBuildPhase section */
		EB7DBC171A7D53430050CDF2 /* Frameworks */ = {
			isa = PBXFrameworksBuildPhase;
			buildActionMask = 2147483647;
			files = (
			);
			runOnlyForDeploymentPostprocessing = 0;
		};
		EB7DBC2F1A7D53430050CDF2 /* Frameworks */ = {
			isa = PBXFrameworksBuildPhase;
			buildActionMask = 2147483647;
			files = (
			);
			runOnlyForDeploymentPostprocessing = 0;
		};
/* End PBXFrameworksBuildPhase section */

/* Begin PBXGroup section */
		EB7DBC111A7D53430050CDF2 = {
			isa = PBXGroup;
			children = (
				EB7DBC1C1A7D53430050CDF2 /* save5 */,
				EB7DBC351A7D53430050CDF2 /* save5Tests */,
				EB7DBC1B1A7D53430050CDF2 /* Products */,
			);
			sourceTree = "<group>";
		};
		EB7DBC1B1A7D53430050CDF2 /* Products */ = {
			isa = PBXGroup;
			children = (
				EB7DBC1A1A7D53430050CDF2 /* save5.app */,
				EB7DBC321A7D53430050CDF2 /* save5Tests.xctest */,
			);
			name = Products;
			sourceTree = "<group>";
		};
		EB7DBC1C1A7D53430050CDF2 /* save5 */ = {
			isa = PBXGroup;
			children = (
				EB7DBC1F1A7D53430050CDF2 /* AppDelegate.swift */,
				EB7DBC241A7D53430050CDF2 /* ViewController.swift */,
				EB7DBC261A7D53430050CDF2 /* Main.storyboard */,
				EB7DBC291A7D53430050CDF2 /* Images.xcassets */,
				EB7DBC2B1A7D53430050CDF2 /* LaunchScreen.xib */,
				EB7DBC211A7D53430050CDF2 /* save5.xcdatamodeld */,
				EB7DBC1D1A7D53430050CDF2 /* Supporting Files */,
			);
			path = save5;
			sourceTree = "<group>";
		};
		EB7DBC1D1A7D53430050CDF2 /* Supporting Files */ = {
			isa = PBXGroup;
			children = (
				EB7DBC1E1A7D53430050CDF2 /* Info.plist */,
			);
			name = "Supporting Files";
			sourceTree = "<group>";
		};
		EB7DBC351A7D53430050CDF2 /* save5Tests */ = {
			isa = PBXGroup;
			children = (
				EB7DBC381A7D53430050CDF2 /* save5Tests.swift */,
				EB7DBC361A7D53430050CDF2 /* Supporting Files */,
			);
			path = save5Tests;
			sourceTree = "<group>";
		};
		EB7DBC361A7D53430050CDF2 /* Supporting Files */ = {
			isa = PBXGroup;
			children = (
				EB7DBC371A7D53430050CDF2 /* Info.plist */,
			);
			name = "Supporting Files";
			sourceTree = "<group>";
		};
/* End PBXGroup section */

/* Begin PBXNativeTarget section */
		EB7DBC191A7D53430050CDF2 /* save5 */ = {
			isa = PBXNativeTarget;
			buildConfigurationList = EB7DBC3C1A7D53430050CDF2 /* Build configuration list for PBXNativeTarget "save5" */;
			buildPhases = (
				EB7DBC161A7D53430050CDF2 /* Sources */,
				EB7DBC171A7D53430050CDF2 /* Frameworks */,
				EB7DBC181A7D53430050CDF2 /* Resources */,
			);
			buildRules = (
			);
			dependencies = (
			);
			name = save5;
			productName = save5;
			productReference = EB7DBC1A1A7D53430050CDF2 /* save5.app */;
			productType = "com.apple.product-type.application";
		};
		EB7DBC311A7D53430050CDF2 /* save5Tests */ = {
			isa = PBXNativeTarget;
			buildConfigurationList = EB7DBC3F1A7D53430050CDF2 /* Build configuration list for PBXNativeTarget "save5Tests" */;
			buildPhases = (
				EB7DBC2E1A7D53430050CDF2 /* Sources */,
				EB7DBC2F1A7D53430050CDF2 /* Frameworks */,
				EB7DBC301A7D53430050CDF2 /* Resources */,
			);
			buildRules = (
			);
			dependencies = (
				EB7DBC341A7D53430050CDF2 /* PBXTargetDependency */,
			);
			name = save5Tests;
			productName = save5Tests;
			productReference = EB7DBC321A7D53430050CDF2 /* save5Tests.xctest */;
			productType = "com.apple.product-type.bundle.unit-test";
		};
/* End PBXNativeTarget section */

/* Begin PBXProject section */
		EB7DBC121A7D53430050CDF2 /* Project object */ = {
			isa = PBXProject;
			attributes = {
				LastUpgradeCheck = 0610;
				ORGANIZATIONNAME = "José Carlos Sobrino";
				TargetAttributes = {
					EB7DBC191A7D53430050CDF2 = {
						CreatedOnToolsVersion = 6.1.1;
					};
					EB7DBC311A7D53430050CDF2 = {
						CreatedOnToolsVersion = 6.1.1;
						TestTargetID = EB7DBC191A7D53430050CDF2;
					};
				};
			};
			buildConfigurationList = EB7DBC151A7D53430050CDF2 /* Build configuration list for PBXProject "save5" */;
			compatibilityVersion = "Xcode 3.2";
			developmentRegion = English;
			hasScannedForEncodings = 0;
			knownRegions = (
				en,
				Base,
			);
			mainGroup = EB7DBC111A7D53430050CDF2;
			productRefGroup = EB7DBC1B1A7D53430050CDF2 /* Products */;
			projectDirPath = "";
			projectRoot = "";
			targets = (
				EB7DBC191A7D53430050CDF2 /* save5 */,
				EB7DBC311A7D53430050CDF2 /* save5Tests */,
			);
		};
/* End PBXProject section */

/* Begin PBXResourcesBuildPhase section */
		EB7DBC181A7D53430050CDF2 /* Resources */ = {
			isa = PBXResourcesBuildPhase;
			buildActionMask = 2147483647;
			files = (
				EB7DBC281A7D53430050CDF2 /* Main.storyboard in Resources */,
				EB7DBC2D1A7D53430050CDF2 /* LaunchScreen.xib in Resources */,
				EB7DBC2A1A7D53430050CDF2 /* Images.xcassets in Resources */,
			);
			runOnlyForDeploymentPostprocessing = 0;
		};
		EB7DBC301A7D53430050CDF2 /* Resources */ = {
			isa = PBXResourcesBuildPhase;
			buildActionMask = 2147483647;
			files = (
			);
			runOnlyForDeploymentPostprocessing = 0;
		};
/* End PBXResourcesBuildPhase section */

/* Begin PBXSourcesBuildPhase section */
		EB7DBC161A7D53430050CDF2 /* Sources */ = {
			isa = PBXSourcesBuildPhase;
			buildActionMask = 2147483647;
			files = (
				EB7DBC251A7D53430050CDF2 /* ViewController.swift in Sources */,
				EB7DBC231A7D53430050CDF2 /* save5.xcdatamodeld in Sources */,
				EB7DBC201A7D53430050CDF2 /* AppDelegate.swift in Sources */,
			);
			runOnlyForDeploymentPostprocessing = 0;
		};
		EB7DBC2E1A7D53430050CDF2 /* Sources */ = {
			isa = PBXSourcesBuildPhase;
			buildActionMask = 2147483647;
			files = (
				EB7DBC391A7D53430050CDF2 /* save5Tests.swift in Sources */,
			);
			runOnlyForDeploymentPostprocessing = 0;
		};
/* End PBXSourcesBuildPhase section */

/* Begin PBXTargetDependency section */
		EB7DBC341A7D53430050CDF2 /* PBXTargetDependency */ = {
			isa = PBXTargetDependency;
			target = EB7DBC191A7D53430050CDF2 /* save5 */;
			targetProxy = EB7DBC331A7D53430050CDF2 /* PBXContainerItemProxy */;
		};
/* End PBXTargetDependency section */

/* Begin PBXVariantGroup section */
		EB7DBC261A7D53430050CDF2 /* Main.storyboard */ = {
			isa = PBXVariantGroup;
			children = (
				EB7DBC271A7D53430050CDF2 /* Base */,
			);
			name = Main.storyboard;
			sourceTree = "<group>";
		};
		EB7DBC2B1A7D53430050CDF2 /* LaunchScreen.xib */ = {
			isa = PBXVariantGroup;
			children = (
				EB7DBC2C1A7D53430050CDF2 /* Base */,
			);
			name = LaunchScreen.xib;
			sourceTree = "<group>";
		};
/* End PBXVariantGroup section */

/* Begin XCBuildConfiguration section */
		EB7DBC3A1A7D53430050CDF2 /* Debug */ = {
			isa = XCBuildConfiguration;
			buildSettings = {
				ALWAYS_SEARCH_USER_PATHS = NO;
				CLANG_CXX_LANGUAGE_STANDARD = "gnu++0x";
				CLANG_CXX_LIBRARY = "libc++";
				CLANG_ENABLE_MODULES = YES;
				CLANG_ENABLE_OBJC_ARC = YES;
				CLANG_WARN_BOOL_CONVERSION = YES;
				CLANG_WARN_CONSTANT_CONVERSION = YES;
				CLANG_WARN_DIRECT_OBJC_ISA_USAGE = YES_ERROR;
				CLANG_WARN_EMPTY_BODY = YES;
				CLANG_WARN_ENUM_CONVERSION = YES;
				CLANG_WARN_INT_CONVERSION = YES;
				CLANG_WARN_OBJC_ROOT_CLASS = YES_ERROR;
				CLANG_WARN_UNREACHABLE_CODE = YES;
				CLANG_WARN__DUPLICATE_METHOD_MATCH = YES;
				"CODE_SIGN_IDENTITY[sdk=iphoneos*]" = "iPhone Developer";
				COPY_PHASE_STRIP = NO;
				ENABLE_STRICT_OBJC_MSGSEND = YES;
				GCC_C_LANGUAGE_STANDARD = gnu99;
				GCC_DYNAMIC_NO_PIC = NO;
				GCC_OPTIMIZATION_LEVEL = 0;
				GCC_PREPROCESSOR_DEFINITIONS = (
					"DEBUG=1",
					"$(inherited)",
				);
				GCC_SYMBOLS_PRIVATE_EXTERN = NO;
				GCC_WARN_64_TO_32_BIT_CONVERSION = YES;
				GCC_WARN_ABOUT_RETURN_TYPE = YES_ERROR;
				GCC_WARN_UNDECLARED_SELECTOR = YES;
				GCC_WARN_UNINITIALIZED_AUTOS = YES_AGGRESSIVE;
				GCC_WARN_UNUSED_FUNCTION = YES;
				GCC_WARN_UNUSED_VARIABLE = YES;
				IPHONEOS_DEPLOYMENT_TARGET = 8.1;
				MTL_ENABLE_DEBUG_INFO = YES;
				ONLY_ACTIVE_ARCH = YES;
				SDKROOT = iphoneos;
				SWIFT_OPTIMIZATION_LEVEL = "-Onone";
			};
			name = Debug;
		};
		EB7DBC3B1A7D53430050CDF2 /* Release */ = {
			isa = XCBuildConfiguration;
			buildSettings = {
				ALWAYS_SEARCH_USER_PATHS = NO;
				CLANG_CXX_LANGUAGE_STANDARD = "gnu++0x";
				CLANG_CXX_LIBRARY = "libc++";
				CLANG_ENABLE_MODULES = YES;
				CLANG_ENABLE_OBJC_ARC = YES;
				CLANG_WARN_BOOL_CONVERSION = YES;
				CLANG_WARN_CONSTANT_CONVERSION = YES;
				CLANG_WARN_DIRECT_OBJC_ISA_USAGE = YES_ERROR;
				CLANG_WARN_EMPTY_BODY = YES;
				CLANG_WARN_ENUM_CONVERSION = YES;
				CLANG_WARN_INT_CONVERSION = YES;
				CLANG_WARN_OBJC_ROOT_CLASS = YES_ERROR;
				CLANG_WARN_UNREACHABLE_CODE = YES;
				CLANG_WARN__DUPLICATE_METHOD_MATCH = YES;
				"CODE_SIGN_IDENTITY[sdk=iphoneos*]" = "iPhone Developer";
				COPY_PHASE_STRIP = YES;
				ENABLE_NS_ASSERTIONS = NO;
				ENABLE_STRICT_OBJC_MSGSEND = YES;
				GCC_C_LANGUAGE_STANDARD = gnu99;
				GCC_WARN_64_TO_32_BIT_CONVERSION = YES;
				GCC_WARN_ABOUT_RETURN_TYPE = YES_ERROR;
				GCC_WARN_UNDECLARED_SELECTOR = YES;
				GCC_WARN_UNINITIALIZED_AUTOS = YES_AGGRESSIVE;
				GCC_WARN_UNUSED_FUNCTION = YES;
				GCC_WARN_UNUSED_VARIABLE = YES;
				IPHONEOS_DEPLOYMENT_TARGET = 8.1;
				MTL_ENABLE_DEBUG_INFO = NO;
				SDKROOT = iphoneos;
				VALIDATE_PRODUCT = YES;
			};
			name = Release;
		};
		EB7DBC3D1A7D53430050CDF2 /* Debug */ = {
			isa = XCBuildConfiguration;
			buildSettings = {
				ASSETCATALOG_COMPILER_APPICON_NAME = AppIcon;
				INFOPLIST_FILE = save5/Info.plist;
				LD_RUNPATH_SEARCH_PATHS = "$(inherited) @executable_path/Frameworks";
				PRODUCT_NAME = "$(TARGET_NAME)";
			};
			name = Debug;
		};
		EB7DBC3E1A7D53430050CDF2 /* Release */ = {
			isa = XCBuildConfiguration;
			buildSettings = {
				ASSETCATALOG_COMPILER_APPICON_NAME = AppIcon;
				INFOPLIST_FILE = save5/Info.plist;
				LD_RUNPATH_SEARCH_PATHS = "$(inherited) @executable_path/Frameworks";
				PRODUCT_NAME = "$(TARGET_NAME)";
			};
			name = Release;
		};
		EB7DBC401A7D53430050CDF2 /* Debug */ = {
			isa = XCBuildConfiguration;
			buildSettings = {
				BUNDLE_LOADER = "$(TEST_HOST)";
				FRAMEWORK_SEARCH_PATHS = (
					"$(SDKROOT)/Developer/Library/Frameworks",
					"$(inherited)",
				);
				GCC_PREPROCESSOR_DEFINITIONS = (
					"DEBUG=1",
					"$(inherited)",
				);
				INFOPLIST_FILE = save5Tests/Info.plist;
				LD_RUNPATH_SEARCH_PATHS = "$(inherited) @executable_path/Frameworks @loader_path/Frameworks";
				PRODUCT_NAME = "$(TARGET_NAME)";
				TEST_HOST = "$(BUILT_PRODUCTS_DIR)/save5.app/save5";
			};
			name = Debug;
		};
		EB7DBC411A7D53430050CDF2 /* Release */ = {
			isa = XCBuildConfiguration;
			buildSettings = {
				BUNDLE_LOADER = "$(TEST_HOST)";
				FRAMEWORK_SEARCH_PATHS = (
					"$(SDKROOT)/Developer/Library/Frameworks",
					"$(inherited)",
				);
				INFOPLIST_FILE = save5Tests/Info.plist;
				LD_RUNPATH_SEARCH_PATHS = "$(inherited) @executable_path/Frameworks @loader_path/Frameworks";
				PRODUCT_NAME = "$(TARGET_NAME)";
				TEST_HOST = "$(BUILT_PRODUCTS_DIR)/save5.app/save5";
			};
			name = Release;
		};
/* End XCBuildConfiguration section */

/* Begin XCConfigurationList section */
		EB7DBC151A7D53430050CDF2 /* Build configuration list for PBXProject "save5" */ = {
			isa = XCConfigurationList;
			buildConfigurations = (
				EB7DBC3A1A7D53430050CDF2 /* Debug */,
				EB7DBC3B1A7D53430050CDF2 /* Release */,
			);
			defaultConfigurationIsVisible = 0;
			defaultConfigurationName = Release;
		};
		EB7DBC3C1A7D53430050CDF2 /* Build configuration list for PBXNativeTarget "save5" */ = {
			isa = XCConfigurationList;
			buildConfigurations = (
				EB7DBC3D1A7D53430050CDF2 /* Debug */,
				EB7DBC3E1A7D53430050CDF2 /* Release */,
			);
			defaultConfigurationIsVisible = 0;
		};
		EB7DBC3F1A7D53430050CDF2 /* Build configuration list for PBXNativeTarget "save5Tests" */ = {
			isa = XCConfigurationList;
			buildConfigurations = (
				EB7DBC401A7D53430050CDF2 /* Debug */,
				EB7DBC411A7D53430050CDF2 /* Release */,
			);
			defaultConfigurationIsVisible = 0;
		};
/* End XCConfigurationList section */

/* Begin XCVersionGroup section */
		EB7DBC211A7D53430050CDF2 /* save5.xcdatamodeld */ = {
			isa = XCVersionGroup;
			children = (
				EB7DBC221A7D53430050CDF2 /* save5.xcdatamodel */,
			);
			currentVersion = EB7DBC221A7D53430050CDF2 /* save5.xcdatamodel */;
			path = save5.xcdatamodeld;
			sourceTree = "<group>";
			versionGroupType = wrapper.xcdatamodel;
		};
/* End XCVersionGroup section */
	};
	rootObject = EB7DBC121A7D53430050CDF2 /* Project object */;
}
