// !$*UTF8*$!
{
	archiveVersion = 1;
	classes = {
	};
	objectVersion = 46;
	objects = {

/* Begin PBXBuildFile section */
		502719776D3D4B89F0F06605 /* libPods-save5.a in Frameworks */ = {isa = PBXBuildFile; fileRef = 3BE037285AF0807A7DDD968B /* libPods-save5.a */; };
		EB0230331A9A0451009E42D1 /* NoReturnKeyTextfield.swift in Sources */ = {isa = PBXBuildFile; fileRef = EB0230321A9A0451009E42D1 /* NoReturnKeyTextfield.swift */; };
		EB0230351A9A0F13009E42D1 /* WebBrowserRecentSearchesViewController.swift in Sources */ = {isa = PBXBuildFile; fileRef = EB0230341A9A0F13009E42D1 /* WebBrowserRecentSearchesViewController.swift */; };
		EB0230371A9A1178009E42D1 /* RecentSearchTableViewCell.swift in Sources */ = {isa = PBXBuildFile; fileRef = EB0230361A9A1178009E42D1 /* RecentSearchTableViewCell.swift */; };
		EB02303A1A9A4EB1009E42D1 /* XMLDictionary.m in Sources */ = {isa = PBXBuildFile; fileRef = EB0230391A9A4EB1009E42D1 /* XMLDictionary.m */; };
		EB3BEFC31A837EB10037C482 /* DACircularProgressView.m in Sources */ = {isa = PBXBuildFile; fileRef = EB3BEFC01A837EB10037C482 /* DACircularProgressView.m */; };
		EB3BEFC41A837EB10037C482 /* DALabeledCircularProgressView.m in Sources */ = {isa = PBXBuildFile; fileRef = EB3BEFC21A837EB10037C482 /* DALabeledCircularProgressView.m */; };
		EB3E66B01A8EAD13000702D6 /* Video.swift in Sources */ = {isa = PBXBuildFile; fileRef = EB3E66AF1A8EAD13000702D6 /* Video.swift */; };
		EB4243161A9521E70060FFB1 /* folder-empty.png in Resources */ = {isa = PBXBuildFile; fileRef = EB4243151A9521E70060FFB1 /* folder-empty.png */; };
		EB47AE031A8CD68A00BD5BDB /* Extensions.swift in Sources */ = {isa = PBXBuildFile; fileRef = EB47AE021A8CD68A00BD5BDB /* Extensions.swift */; };
		EB48A7961A8B966100028B3D /* WebSearchViewController.swift in Sources */ = {isa = PBXBuildFile; fileRef = EB48A7951A8B966100028B3D /* WebSearchViewController.swift */; };
		EB4F588B1A9B358F0023255A /* WebRecentSearchItem.swift in Sources */ = {isa = PBXBuildFile; fileRef = EB4F588A1A9B358F0023255A /* WebRecentSearchItem.swift */; };
		EB4F588D1A9B36C80023255A /* WebRecentSearchesManager.swift in Sources */ = {isa = PBXBuildFile; fileRef = EB4F588C1A9B36C80023255A /* WebRecentSearchesManager.swift */; };
		EB4F588F1A9B37A90023255A /* WebRecentSearchItemDAO.swift in Sources */ = {isa = PBXBuildFile; fileRef = EB4F588E1A9B37A90023255A /* WebRecentSearchItemDAO.swift */; };
		EB50C7B61A8A2111003CEAF6 /* SearchVideosTableViewController.swift in Sources */ = {isa = PBXBuildFile; fileRef = EB50C7B51A8A2111003CEAF6 /* SearchVideosTableViewController.swift */; };
		EB65DC251A822EB800DB6ED6 /* UIImageView+Curled.m in Sources */ = {isa = PBXBuildFile; fileRef = EB65DC241A822EB800DB6ED6 /* UIImageView+Curled.m */; };
		EB65DC281A822ED200DB6ED6 /* CurledViewBase.m in Sources */ = {isa = PBXBuildFile; fileRef = EB65DC271A822ED200DB6ED6 /* CurledViewBase.m */; };
		EB708E2F1A96349E00B35A14 /* iAd.framework in Frameworks */ = {isa = PBXBuildFile; fileRef = EB708E2E1A96349E00B35A14 /* iAd.framework */; };
		EB7DBC201A7D53430050CDF2 /* AppDelegate.swift in Sources */ = {isa = PBXBuildFile; fileRef = EB7DBC1F1A7D53430050CDF2 /* AppDelegate.swift */; };
		EB7DBC231A7D53430050CDF2 /* save5.xcdatamodeld in Sources */ = {isa = PBXBuildFile; fileRef = EB7DBC211A7D53430050CDF2 /* save5.xcdatamodeld */; };
		EB7DBC281A7D53430050CDF2 /* Main.storyboard in Resources */ = {isa = PBXBuildFile; fileRef = EB7DBC261A7D53430050CDF2 /* Main.storyboard */; };
		EB7DBC2A1A7D53430050CDF2 /* Images.xcassets in Resources */ = {isa = PBXBuildFile; fileRef = EB7DBC291A7D53430050CDF2 /* Images.xcassets */; };
		EB7DBC2D1A7D53430050CDF2 /* LaunchScreen.xib in Resources */ = {isa = PBXBuildFile; fileRef = EB7DBC2B1A7D53430050CDF2 /* LaunchScreen.xib */; };
		EB7DBC391A7D53430050CDF2 /* save5Tests.swift in Sources */ = {isa = PBXBuildFile; fileRef = EB7DBC381A7D53430050CDF2 /* save5Tests.swift */; };
		EB7DBC441A7D5A600050CDF2 /* WebSearchViewControllerOLD.swift in Sources */ = {isa = PBXBuildFile; fileRef = EB7DBC431A7D5A600050CDF2 /* WebSearchViewControllerOLD.swift */; };
		EB7DBC461A7D5A940050CDF2 /* ActiveDownloadsViewController.swift in Sources */ = {isa = PBXBuildFile; fileRef = EB7DBC451A7D5A940050CDF2 /* ActiveDownloadsViewController.swift */; };
		EB7DBC481A7D5AC10050CDF2 /* FoldersBrowserViewController.swift in Sources */ = {isa = PBXBuildFile; fileRef = EB7DBC471A7D5AC10050CDF2 /* FoldersBrowserViewController.swift */; };
		EB7DBC4A1A7D5AD90050CDF2 /* VideosBrowserViewController.swift in Sources */ = {isa = PBXBuildFile; fileRef = EB7DBC491A7D5AD90050CDF2 /* VideosBrowserViewController.swift */; };
		EB7DBC4D1A7D5FBB0050CDF2 /* Folder.swift in Sources */ = {isa = PBXBuildFile; fileRef = EB7DBC4C1A7D5FBB0050CDF2 /* Folder.swift */; };
		EB7DBC521A7D64E40050CDF2 /* ActiveDownloadTableViewCell.swift in Sources */ = {isa = PBXBuildFile; fileRef = EB7DBC511A7D64E40050CDF2 /* ActiveDownloadTableViewCell.swift */; };
		EB7DBC541A7D64FC0050CDF2 /* FolderTableViewCell.swift in Sources */ = {isa = PBXBuildFile; fileRef = EB7DBC531A7D64FC0050CDF2 /* FolderTableViewCell.swift */; };
		EB7DBC561A7D65110050CDF2 /* VideoTableViewCell.swift in Sources */ = {isa = PBXBuildFile; fileRef = EB7DBC551A7D65110050CDF2 /* VideoTableViewCell.swift */; };
		EB7DBC591A7D6E170050CDF2 /* PlayerViewController.swift in Sources */ = {isa = PBXBuildFile; fileRef = EB7DBC581A7D6E170050CDF2 /* PlayerViewController.swift */; };
		EB7DBC5B1A7D6E830050CDF2 /* BaseDAO.swift in Sources */ = {isa = PBXBuildFile; fileRef = EB7DBC5A1A7D6E830050CDF2 /* BaseDAO.swift */; };
		EB7DBC5D1A7D6E9D0050CDF2 /* FolderDAO.swift in Sources */ = {isa = PBXBuildFile; fileRef = EB7DBC5C1A7D6E9D0050CDF2 /* FolderDAO.swift */; };
		EB7DBC5F1A7D6EAB0050CDF2 /* VideoDAO.swift in Sources */ = {isa = PBXBuildFile; fileRef = EB7DBC5E1A7D6EAB0050CDF2 /* VideoDAO.swift */; };
		EB7DBC621A7D80580050CDF2 /* DownloadManager.swift in Sources */ = {isa = PBXBuildFile; fileRef = EB7DBC611A7D80580050CDF2 /* DownloadManager.swift */; };
		EB7DBC641A7D80970050CDF2 /* DownloadTask.swift in Sources */ = {isa = PBXBuildFile; fileRef = EB7DBC631A7D80970050CDF2 /* DownloadTask.swift */; };
		EB7DBC671A7D82AE0050CDF2 /* Async.swift in Sources */ = {isa = PBXBuildFile; fileRef = EB7DBC661A7D82AE0050CDF2 /* Async.swift */; };
		EB7DBC6A1A7D83380050CDF2 /* VideoVO.swift in Sources */ = {isa = PBXBuildFile; fileRef = EB7DBC691A7D83380050CDF2 /* VideoVO.swift */; };
		EBDCAB9B1A7FF5E5004B8A8A /* UIImage+Alpha.m in Sources */ = {isa = PBXBuildFile; fileRef = EBDCAB9A1A7FF5E5004B8A8A /* UIImage+Alpha.m */; };
		EBDCAB9D1A7FF645004B8A8A /* Localizable.strings in Resources */ = {isa = PBXBuildFile; fileRef = EBDCAB9C1A7FF645004B8A8A /* Localizable.strings */; };
		EBDCABBE1A7FF9A2004B8A8A /* boton_rojo.png in Resources */ = {isa = PBXBuildFile; fileRef = EBDCAB9F1A7FF9A2004B8A8A /* boton_rojo.png */; };
		EBDCABBF1A7FF9A2004B8A8A /* settings_filled-25.png in Resources */ = {isa = PBXBuildFile; fileRef = EBDCABA01A7FF9A2004B8A8A /* settings_filled-25.png */; };
		EBDCABC01A7FF9A2004B8A8A /* boton_blanco.png in Resources */ = {isa = PBXBuildFile; fileRef = EBDCABA11A7FF9A2004B8A8A /* boton_blanco.png */; };
		EBDCABC11A7FF9A2004B8A8A /* big_downloads.png in Resources */ = {isa = PBXBuildFile; fileRef = EBDCABA21A7FF9A2004B8A8A /* big_downloads.png */; };
		EBDCABC21A7FF9A2004B8A8A /* download_filled-25.png in Resources */ = {isa = PBXBuildFile; fileRef = EBDCABA31A7FF9A2004B8A8A /* download_filled-25.png */; };
		EBDCABC31A7FF9A2004B8A8A /* download-empty-state.png in Resources */ = {isa = PBXBuildFile; fileRef = EBDCABA41A7FF9A2004B8A8A /* download-empty-state.png */; };
		EBDCABC41A7FF9A2004B8A8A /* download-25.png in Resources */ = {isa = PBXBuildFile; fileRef = EBDCABA51A7FF9A2004B8A8A /* download-25.png */; };
		EBDCABC51A7FF9A2004B8A8A /* big_video.png in Resources */ = {isa = PBXBuildFile; fileRef = EBDCABA61A7FF9A2004B8A8A /* big_video.png */; };
		EBDCABC61A7FF9A2004B8A8A /* big_magnifying_glass.png in Resources */ = {isa = PBXBuildFile; fileRef = EBDCABA71A7FF9A2004B8A8A /* big_magnifying_glass.png */; };
		EBDCABC71A7FF9A2004B8A8A /* start.png in Resources */ = {isa = PBXBuildFile; fileRef = EBDCABA81A7FF9A2004B8A8A /* start.png */; };
		EBDCABC81A7FF9A2004B8A8A /* saved-videos-empty-state.png in Resources */ = {isa = PBXBuildFile; fileRef = EBDCABA91A7FF9A2004B8A8A /* saved-videos-empty-state.png */; };
		EBDCABC91A7FF9A2004B8A8A /* download-32.png in Resources */ = {isa = PBXBuildFile; fileRef = EBDCABAA1A7FF9A2004B8A8A /* download-32.png */; };
		EBDCABCA1A7FF9A2004B8A8A /* search-empty-state.png in Resources */ = {isa = PBXBuildFile; fileRef = EBDCABAB1A7FF9A2004B8A8A /* search-empty-state.png */; };
		EBDCABCB1A7FF9A2004B8A8A /* trash-32.png in Resources */ = {isa = PBXBuildFile; fileRef = EBDCABAC1A7FF9A2004B8A8A /* trash-32.png */; };
		EBDCABCC1A7FF9A2004B8A8A /* search-32.png in Resources */ = {isa = PBXBuildFile; fileRef = EBDCABAD1A7FF9A2004B8A8A /* search-32.png */; };
		EBDCABCD1A7FF9A2004B8A8A /* empty_box-100.png in Resources */ = {isa = PBXBuildFile; fileRef = EBDCABAE1A7FF9A2004B8A8A /* empty_box-100.png */; };
		EBDCABCE1A7FF9A2004B8A8A /* loading_thumbnail_old.png in Resources */ = {isa = PBXBuildFile; fileRef = EBDCABAF1A7FF9A2004B8A8A /* loading_thumbnail_old.png */; };
		EBDCABCF1A7FF9A2004B8A8A /* hand-25.png in Resources */ = {isa = PBXBuildFile; fileRef = EBDCABB01A7FF9A2004B8A8A /* hand-25.png */; };
		EBDCABD01A7FF9A2004B8A8A /* broom-25.png in Resources */ = {isa = PBXBuildFile; fileRef = EBDCABB11A7FF9A2004B8A8A /* broom-25.png */; };
		EBDCABD11A7FF9A2004B8A8A /* search-25.png in Resources */ = {isa = PBXBuildFile; fileRef = EBDCABB21A7FF9A2004B8A8A /* search-25.png */; };
		EBDCABD21A7FF9A2004B8A8A /* downloadtube_start.png in Resources */ = {isa = PBXBuildFile; fileRef = EBDCABB31A7FF9A2004B8A8A /* downloadtube_start.png */; };
		EBDCABD31A7FF9A2004B8A8A /* loading_thumbnail.png in Resources */ = {isa = PBXBuildFile; fileRef = EBDCABB41A7FF9A2004B8A8A /* loading_thumbnail.png */; };
		EBDCABD41A7FF9A2004B8A8A /* boton_rojo_2.png in Resources */ = {isa = PBXBuildFile; fileRef = EBDCABB51A7FF9A2004B8A8A /* boton_rojo_2.png */; };
		EBDCABD51A7FF9A2004B8A8A /* movie-25.png in Resources */ = {isa = PBXBuildFile; fileRef = EBDCABB61A7FF9A2004B8A8A /* movie-25.png */; };
		EBDCABD61A7FF9A2004B8A8A /* movie-32.png in Resources */ = {isa = PBXBuildFile; fileRef = EBDCABB71A7FF9A2004B8A8A /* movie-32.png */; };
		EBDCABD71A7FF9A2004B8A8A /* movie-75.png in Resources */ = {isa = PBXBuildFile; fileRef = EBDCABB81A7FF9A2004B8A8A /* movie-75.png */; };
		EBDCABD81A7FF9A2004B8A8A /* broom-32.png in Resources */ = {isa = PBXBuildFile; fileRef = EBDCABB91A7FF9A2004B8A8A /* broom-32.png */; };
		EBDCABD91A7FF9A2004B8A8A /* broom-50.png in Resources */ = {isa = PBXBuildFile; fileRef = EBDCABBA1A7FF9A2004B8A8A /* broom-50.png */; };
		EBDCABDA1A7FF9A2004B8A8A /* youtube_play.png in Resources */ = {isa = PBXBuildFile; fileRef = EBDCABBB1A7FF9A2004B8A8A /* youtube_play.png */; };
		EBDCABDB1A7FF9A2004B8A8A /* unnamed.jpg in Resources */ = {isa = PBXBuildFile; fileRef = EBDCABBC1A7FF9A2004B8A8A /* unnamed.jpg */; };
		EBDCABDC1A7FF9A2004B8A8A /* loading.gif in Resources */ = {isa = PBXBuildFile; fileRef = EBDCABBD1A7FF9A2004B8A8A /* loading.gif */; };
		EBECF34B1A83C746008335A4 /* FoldersCollectionBrowserViewController.swift in Sources */ = {isa = PBXBuildFile; fileRef = EBECF34A1A83C746008335A4 /* FoldersCollectionBrowserViewController.swift */; };
		EBECF34D1A83C940008335A4 /* FolderCollectionViewCell.swift in Sources */ = {isa = PBXBuildFile; fileRef = EBECF34C1A83C940008335A4 /* FolderCollectionViewCell.swift */; };
		EBECF3501A83DBAA008335A4 /* SWSnapshotStackView.m in Sources */ = {isa = PBXBuildFile; fileRef = EBECF34F1A83DBAA008335A4 /* SWSnapshotStackView.m */; };
		EBECF3521A83E091008335A4 /* 350D_IMG_3157_20071030w.jpg in Resources */ = {isa = PBXBuildFile; fileRef = EBECF3511A83E091008335A4 /* 350D_IMG_3157_20071030w.jpg */; };
		EBECF3541A83E3FF008335A4 /* QuartzCore.framework in Frameworks */ = {isa = PBXBuildFile; fileRef = EBECF3531A83E3FF008335A4 /* QuartzCore.framework */; };
		EBF1B6541A7E7B4B00EF28DB /* LookAndFeel.swift in Sources */ = {isa = PBXBuildFile; fileRef = EBF1B6531A7E7B4B00EF28DB /* LookAndFeel.swift */; };
		EBF1B6561A7E7D4900EF28DB /* AppearanceWhenContainedIn.m in Sources */ = {isa = PBXBuildFile; fileRef = EBF1B6551A7E7D4900EF28DB /* AppearanceWhenContainedIn.m */; };
		EBF1B65A1A7E7E3900EF28DB /* Utils.swift in Sources */ = {isa = PBXBuildFile; fileRef = EBF1B6591A7E7E3900EF28DB /* Utils.swift */; };
/* End PBXBuildFile section */

/* Begin PBXContainerItemProxy section */
		EB7DBC331A7D53430050CDF2 /* PBXContainerItemProxy */ = {
			isa = PBXContainerItemProxy;
			containerPortal = EB7DBC121A7D53430050CDF2 /* Project object */;
			proxyType = 1;
			remoteGlobalIDString = EB7DBC191A7D53430050CDF2;
			remoteInfo = save5;
		};
/* End PBXContainerItemProxy section */

/* Begin PBXFileReference section */
		3BE037285AF0807A7DDD968B /* libPods-save5.a */ = {isa = PBXFileReference; explicitFileType = archive.ar; includeInIndex = 0; path = "libPods-save5.a"; sourceTree = BUILT_PRODUCTS_DIR; };
		728CF37D2695A70824FCA87B /* Pods-save5.release.xcconfig */ = {isa = PBXFileReference; includeInIndex = 1; lastKnownFileType = text.xcconfig; name = "Pods-save5.release.xcconfig"; path = "Pods/Target Support Files/Pods-save5/Pods-save5.release.xcconfig"; sourceTree = "<group>"; };
		763789A38F1A52C44456F744 /* Pods-save5.debug.xcconfig */ = {isa = PBXFileReference; includeInIndex = 1; lastKnownFileType = text.xcconfig; name = "Pods-save5.debug.xcconfig"; path = "Pods/Target Support Files/Pods-save5/Pods-save5.debug.xcconfig"; sourceTree = "<group>"; };
		EB0230321A9A0451009E42D1 /* NoReturnKeyTextfield.swift */ = {isa = PBXFileReference; fileEncoding = 4; lastKnownFileType = sourcecode.swift; path = NoReturnKeyTextfield.swift; sourceTree = "<group>"; };
		EB0230341A9A0F13009E42D1 /* WebBrowserRecentSearchesViewController.swift */ = {isa = PBXFileReference; fileEncoding = 4; lastKnownFileType = sourcecode.swift; path = WebBrowserRecentSearchesViewController.swift; sourceTree = "<group>"; };
		EB0230361A9A1178009E42D1 /* RecentSearchTableViewCell.swift */ = {isa = PBXFileReference; fileEncoding = 4; lastKnownFileType = sourcecode.swift; path = RecentSearchTableViewCell.swift; sourceTree = "<group>"; };
		EB0230381A9A4EB1009E42D1 /* XMLDictionary.h */ = {isa = PBXFileReference; fileEncoding = 4; lastKnownFileType = sourcecode.c.h; path = XMLDictionary.h; sourceTree = "<group>"; };
		EB0230391A9A4EB1009E42D1 /* XMLDictionary.m */ = {isa = PBXFileReference; fileEncoding = 4; lastKnownFileType = sourcecode.c.objc; path = XMLDictionary.m; sourceTree = "<group>"; };
		EB3BEFBF1A837EB10037C482 /* DACircularProgressView.h */ = {isa = PBXFileReference; fileEncoding = 4; lastKnownFileType = sourcecode.c.h; path = DACircularProgressView.h; sourceTree = "<group>"; };
		EB3BEFC01A837EB10037C482 /* DACircularProgressView.m */ = {isa = PBXFileReference; fileEncoding = 4; lastKnownFileType = sourcecode.c.objc; path = DACircularProgressView.m; sourceTree = "<group>"; };
		EB3BEFC11A837EB10037C482 /* DALabeledCircularProgressView.h */ = {isa = PBXFileReference; fileEncoding = 4; lastKnownFileType = sourcecode.c.h; path = DALabeledCircularProgressView.h; sourceTree = "<group>"; };
		EB3BEFC21A837EB10037C482 /* DALabeledCircularProgressView.m */ = {isa = PBXFileReference; fileEncoding = 4; lastKnownFileType = sourcecode.c.objc; path = DALabeledCircularProgressView.m; sourceTree = "<group>"; };
		EB3E66AF1A8EAD13000702D6 /* Video.swift */ = {isa = PBXFileReference; fileEncoding = 4; lastKnownFileType = sourcecode.swift; path = Video.swift; sourceTree = "<group>"; };
		EB4243151A9521E70060FFB1 /* folder-empty.png */ = {isa = PBXFileReference; lastKnownFileType = image.png; path = "folder-empty.png"; sourceTree = "<group>"; };
		EB47AE021A8CD68A00BD5BDB /* Extensions.swift */ = {isa = PBXFileReference; fileEncoding = 4; lastKnownFileType = sourcecode.swift; path = Extensions.swift; sourceTree = "<group>"; };
		EB48A7951A8B966100028B3D /* WebSearchViewController.swift */ = {isa = PBXFileReference; fileEncoding = 4; lastKnownFileType = sourcecode.swift; path = WebSearchViewController.swift; sourceTree = "<group>"; };
		EB4F588A1A9B358F0023255A /* WebRecentSearchItem.swift */ = {isa = PBXFileReference; fileEncoding = 4; lastKnownFileType = sourcecode.swift; path = WebRecentSearchItem.swift; sourceTree = "<group>"; };
		EB4F588C1A9B36C80023255A /* WebRecentSearchesManager.swift */ = {isa = PBXFileReference; fileEncoding = 4; lastKnownFileType = sourcecode.swift; path = WebRecentSearchesManager.swift; sourceTree = "<group>"; };
		EB4F588E1A9B37A90023255A /* WebRecentSearchItemDAO.swift */ = {isa = PBXFileReference; fileEncoding = 4; lastKnownFileType = sourcecode.swift; path = WebRecentSearchItemDAO.swift; sourceTree = "<group>"; };
		EB50C7B51A8A2111003CEAF6 /* SearchVideosTableViewController.swift */ = {isa = PBXFileReference; fileEncoding = 4; lastKnownFileType = sourcecode.swift; path = SearchVideosTableViewController.swift; sourceTree = "<group>"; };
		EB65DC231A822EB800DB6ED6 /* UIImageView+Curled.h */ = {isa = PBXFileReference; fileEncoding = 4; lastKnownFileType = sourcecode.c.h; path = "UIImageView+Curled.h"; sourceTree = "<group>"; };
		EB65DC241A822EB800DB6ED6 /* UIImageView+Curled.m */ = {isa = PBXFileReference; fileEncoding = 4; lastKnownFileType = sourcecode.c.objc; path = "UIImageView+Curled.m"; sourceTree = "<group>"; };
		EB65DC261A822ED200DB6ED6 /* CurledViewBase.h */ = {isa = PBXFileReference; fileEncoding = 4; lastKnownFileType = sourcecode.c.h; path = CurledViewBase.h; sourceTree = "<group>"; };
		EB65DC271A822ED200DB6ED6 /* CurledViewBase.m */ = {isa = PBXFileReference; fileEncoding = 4; lastKnownFileType = sourcecode.c.objc; path = CurledViewBase.m; sourceTree = "<group>"; };
		EB708E2E1A96349E00B35A14 /* iAd.framework */ = {isa = PBXFileReference; lastKnownFileType = wrapper.framework; name = iAd.framework; path = System/Library/Frameworks/iAd.framework; sourceTree = SDKROOT; };
		EB7DBC1A1A7D53430050CDF2 /* save5.app */ = {isa = PBXFileReference; explicitFileType = wrapper.application; includeInIndex = 0; path = save5.app; sourceTree = BUILT_PRODUCTS_DIR; };
		EB7DBC1E1A7D53430050CDF2 /* Info.plist */ = {isa = PBXFileReference; lastKnownFileType = text.plist.xml; path = Info.plist; sourceTree = "<group>"; };
		EB7DBC1F1A7D53430050CDF2 /* AppDelegate.swift */ = {isa = PBXFileReference; lastKnownFileType = sourcecode.swift; path = AppDelegate.swift; sourceTree = "<group>"; };
		EB7DBC221A7D53430050CDF2 /* save5.xcdatamodel */ = {isa = PBXFileReference; lastKnownFileType = wrapper.xcdatamodel; path = save5.xcdatamodel; sourceTree = "<group>"; };
		EB7DBC271A7D53430050CDF2 /* Base */ = {isa = PBXFileReference; lastKnownFileType = file.storyboard; name = Base; path = Base.lproj/Main.storyboard; sourceTree = "<group>"; };
		EB7DBC291A7D53430050CDF2 /* Images.xcassets */ = {isa = PBXFileReference; lastKnownFileType = folder.assetcatalog; path = Images.xcassets; sourceTree = "<group>"; };
		EB7DBC2C1A7D53430050CDF2 /* Base */ = {isa = PBXFileReference; lastKnownFileType = file.xib; name = Base; path = Base.lproj/LaunchScreen.xib; sourceTree = "<group>"; };
		EB7DBC321A7D53430050CDF2 /* save5Tests.xctest */ = {isa = PBXFileReference; explicitFileType = wrapper.cfbundle; includeInIndex = 0; path = save5Tests.xctest; sourceTree = BUILT_PRODUCTS_DIR; };
		EB7DBC371A7D53430050CDF2 /* Info.plist */ = {isa = PBXFileReference; lastKnownFileType = text.plist.xml; path = Info.plist; sourceTree = "<group>"; };
		EB7DBC381A7D53430050CDF2 /* save5Tests.swift */ = {isa = PBXFileReference; lastKnownFileType = sourcecode.swift; path = save5Tests.swift; sourceTree = "<group>"; };
		EB7DBC431A7D5A600050CDF2 /* WebSearchViewControllerOLD.swift */ = {isa = PBXFileReference; fileEncoding = 4; lastKnownFileType = sourcecode.swift; path = WebSearchViewControllerOLD.swift; sourceTree = "<group>"; };
		EB7DBC451A7D5A940050CDF2 /* ActiveDownloadsViewController.swift */ = {isa = PBXFileReference; fileEncoding = 4; lastKnownFileType = sourcecode.swift; path = ActiveDownloadsViewController.swift; sourceTree = "<group>"; };
		EB7DBC471A7D5AC10050CDF2 /* FoldersBrowserViewController.swift */ = {isa = PBXFileReference; fileEncoding = 4; lastKnownFileType = sourcecode.swift; path = FoldersBrowserViewController.swift; sourceTree = "<group>"; };
		EB7DBC491A7D5AD90050CDF2 /* VideosBrowserViewController.swift */ = {isa = PBXFileReference; fileEncoding = 4; lastKnownFileType = sourcecode.swift; path = VideosBrowserViewController.swift; sourceTree = "<group>"; };
		EB7DBC4C1A7D5FBB0050CDF2 /* Folder.swift */ = {isa = PBXFileReference; fileEncoding = 4; lastKnownFileType = sourcecode.swift; path = Folder.swift; sourceTree = "<group>"; };
		EB7DBC511A7D64E40050CDF2 /* ActiveDownloadTableViewCell.swift */ = {isa = PBXFileReference; fileEncoding = 4; lastKnownFileType = sourcecode.swift; path = ActiveDownloadTableViewCell.swift; sourceTree = "<group>"; };
		EB7DBC531A7D64FC0050CDF2 /* FolderTableViewCell.swift */ = {isa = PBXFileReference; fileEncoding = 4; lastKnownFileType = sourcecode.swift; path = FolderTableViewCell.swift; sourceTree = "<group>"; };
		EB7DBC551A7D65110050CDF2 /* VideoTableViewCell.swift */ = {isa = PBXFileReference; fileEncoding = 4; lastKnownFileType = sourcecode.swift; path = VideoTableViewCell.swift; sourceTree = "<group>"; };
		EB7DBC581A7D6E170050CDF2 /* PlayerViewController.swift */ = {isa = PBXFileReference; fileEncoding = 4; lastKnownFileType = sourcecode.swift; path = PlayerViewController.swift; sourceTree = "<group>"; };
		EB7DBC5A1A7D6E830050CDF2 /* BaseDAO.swift */ = {isa = PBXFileReference; fileEncoding = 4; lastKnownFileType = sourcecode.swift; path = BaseDAO.swift; sourceTree = "<group>"; };
		EB7DBC5C1A7D6E9D0050CDF2 /* FolderDAO.swift */ = {isa = PBXFileReference; fileEncoding = 4; lastKnownFileType = sourcecode.swift; path = FolderDAO.swift; sourceTree = "<group>"; };
		EB7DBC5E1A7D6EAB0050CDF2 /* VideoDAO.swift */ = {isa = PBXFileReference; fileEncoding = 4; lastKnownFileType = sourcecode.swift; path = VideoDAO.swift; sourceTree = "<group>"; };
		EB7DBC611A7D80580050CDF2 /* DownloadManager.swift */ = {isa = PBXFileReference; fileEncoding = 4; lastKnownFileType = sourcecode.swift; path = DownloadManager.swift; sourceTree = "<group>"; };
		EB7DBC631A7D80970050CDF2 /* DownloadTask.swift */ = {isa = PBXFileReference; fileEncoding = 4; lastKnownFileType = sourcecode.swift; path = DownloadTask.swift; sourceTree = "<group>"; };
		EB7DBC661A7D82AE0050CDF2 /* Async.swift */ = {isa = PBXFileReference; fileEncoding = 4; lastKnownFileType = sourcecode.swift; path = Async.swift; sourceTree = "<group>"; };
		EB7DBC691A7D83380050CDF2 /* VideoVO.swift */ = {isa = PBXFileReference; fileEncoding = 4; lastKnownFileType = sourcecode.swift; path = VideoVO.swift; sourceTree = "<group>"; };
		EBDCAB991A7FF5E5004B8A8A /* UIImage+Alpha.h */ = {isa = PBXFileReference; fileEncoding = 4; lastKnownFileType = sourcecode.c.h; path = "UIImage+Alpha.h"; sourceTree = "<group>"; };
		EBDCAB9A1A7FF5E5004B8A8A /* UIImage+Alpha.m */ = {isa = PBXFileReference; fileEncoding = 4; lastKnownFileType = sourcecode.c.objc; path = "UIImage+Alpha.m"; sourceTree = "<group>"; };
		EBDCAB9C1A7FF645004B8A8A /* Localizable.strings */ = {isa = PBXFileReference; fileEncoding = 4; lastKnownFileType = text.plist.strings; path = Localizable.strings; sourceTree = "<group>"; };
		EBDCAB9F1A7FF9A2004B8A8A /* boton_rojo.png */ = {isa = PBXFileReference; lastKnownFileType = image.png; path = boton_rojo.png; sourceTree = "<group>"; };
		EBDCABA01A7FF9A2004B8A8A /* settings_filled-25.png */ = {isa = PBXFileReference; lastKnownFileType = image.png; path = "settings_filled-25.png"; sourceTree = "<group>"; };
		EBDCABA11A7FF9A2004B8A8A /* boton_blanco.png */ = {isa = PBXFileReference; lastKnownFileType = image.png; path = boton_blanco.png; sourceTree = "<group>"; };
		EBDCABA21A7FF9A2004B8A8A /* big_downloads.png */ = {isa = PBXFileReference; lastKnownFileType = image.png; path = big_downloads.png; sourceTree = "<group>"; };
		EBDCABA31A7FF9A2004B8A8A /* download_filled-25.png */ = {isa = PBXFileReference; lastKnownFileType = image.png; path = "download_filled-25.png"; sourceTree = "<group>"; };
		EBDCABA41A7FF9A2004B8A8A /* download-empty-state.png */ = {isa = PBXFileReference; lastKnownFileType = image.png; path = "download-empty-state.png"; sourceTree = "<group>"; };
		EBDCABA51A7FF9A2004B8A8A /* download-25.png */ = {isa = PBXFileReference; lastKnownFileType = image.png; path = "download-25.png"; sourceTree = "<group>"; };
		EBDCABA61A7FF9A2004B8A8A /* big_video.png */ = {isa = PBXFileReference; lastKnownFileType = image.png; path = big_video.png; sourceTree = "<group>"; };
		EBDCABA71A7FF9A2004B8A8A /* big_magnifying_glass.png */ = {isa = PBXFileReference; lastKnownFileType = image.png; path = big_magnifying_glass.png; sourceTree = "<group>"; };
		EBDCABA81A7FF9A2004B8A8A /* start.png */ = {isa = PBXFileReference; lastKnownFileType = image.png; path = start.png; sourceTree = "<group>"; };
		EBDCABA91A7FF9A2004B8A8A /* saved-videos-empty-state.png */ = {isa = PBXFileReference; lastKnownFileType = image.png; path = "saved-videos-empty-state.png"; sourceTree = "<group>"; };
		EBDCABAA1A7FF9A2004B8A8A /* download-32.png */ = {isa = PBXFileReference; lastKnownFileType = image.png; path = "download-32.png"; sourceTree = "<group>"; };
		EBDCABAB1A7FF9A2004B8A8A /* search-empty-state.png */ = {isa = PBXFileReference; lastKnownFileType = image.png; path = "search-empty-state.png"; sourceTree = "<group>"; };
		EBDCABAC1A7FF9A2004B8A8A /* trash-32.png */ = {isa = PBXFileReference; lastKnownFileType = image.png; path = "trash-32.png"; sourceTree = "<group>"; };
		EBDCABAD1A7FF9A2004B8A8A /* search-32.png */ = {isa = PBXFileReference; lastKnownFileType = image.png; path = "search-32.png"; sourceTree = "<group>"; };
		EBDCABAE1A7FF9A2004B8A8A /* empty_box-100.png */ = {isa = PBXFileReference; lastKnownFileType = image.png; path = "empty_box-100.png"; sourceTree = "<group>"; };
		EBDCABAF1A7FF9A2004B8A8A /* loading_thumbnail_old.png */ = {isa = PBXFileReference; lastKnownFileType = image.png; path = loading_thumbnail_old.png; sourceTree = "<group>"; };
		EBDCABB01A7FF9A2004B8A8A /* hand-25.png */ = {isa = PBXFileReference; lastKnownFileType = image.png; path = "hand-25.png"; sourceTree = "<group>"; };
		EBDCABB11A7FF9A2004B8A8A /* broom-25.png */ = {isa = PBXFileReference; lastKnownFileType = image.png; path = "broom-25.png"; sourceTree = "<group>"; };
		EBDCABB21A7FF9A2004B8A8A /* search-25.png */ = {isa = PBXFileReference; lastKnownFileType = image.png; path = "search-25.png"; sourceTree = "<group>"; };
		EBDCABB31A7FF9A2004B8A8A /* downloadtube_start.png */ = {isa = PBXFileReference; lastKnownFileType = image.png; path = downloadtube_start.png; sourceTree = "<group>"; };
		EBDCABB41A7FF9A2004B8A8A /* loading_thumbnail.png */ = {isa = PBXFileReference; lastKnownFileType = image.png; path = loading_thumbnail.png; sourceTree = "<group>"; };
		EBDCABB51A7FF9A2004B8A8A /* boton_rojo_2.png */ = {isa = PBXFileReference; lastKnownFileType = image.png; path = boton_rojo_2.png; sourceTree = "<group>"; };
		EBDCABB61A7FF9A2004B8A8A /* movie-25.png */ = {isa = PBXFileReference; lastKnownFileType = image.png; path = "movie-25.png"; sourceTree = "<group>"; };
		EBDCABB71A7FF9A2004B8A8A /* movie-32.png */ = {isa = PBXFileReference; lastKnownFileType = image.png; path = "movie-32.png"; sourceTree = "<group>"; };
		EBDCABB81A7FF9A2004B8A8A /* movie-75.png */ = {isa = PBXFileReference; lastKnownFileType = image.png; path = "movie-75.png"; sourceTree = "<group>"; };
		EBDCABB91A7FF9A2004B8A8A /* broom-32.png */ = {isa = PBXFileReference; lastKnownFileType = image.png; path = "broom-32.png"; sourceTree = "<group>"; };
		EBDCABBA1A7FF9A2004B8A8A /* broom-50.png */ = {isa = PBXFileReference; lastKnownFileType = image.png; path = "broom-50.png"; sourceTree = "<group>"; };
		EBDCABBB1A7FF9A2004B8A8A /* youtube_play.png */ = {isa = PBXFileReference; lastKnownFileType = image.png; path = youtube_play.png; sourceTree = "<group>"; };
		EBDCABBC1A7FF9A2004B8A8A /* unnamed.jpg */ = {isa = PBXFileReference; lastKnownFileType = image.jpeg; path = unnamed.jpg; sourceTree = "<group>"; };
		EBDCABBD1A7FF9A2004B8A8A /* loading.gif */ = {isa = PBXFileReference; lastKnownFileType = image.gif; path = loading.gif; sourceTree = "<group>"; };
		EBECF34A1A83C746008335A4 /* FoldersCollectionBrowserViewController.swift */ = {isa = PBXFileReference; fileEncoding = 4; lastKnownFileType = sourcecode.swift; path = FoldersCollectionBrowserViewController.swift; sourceTree = "<group>"; };
		EBECF34C1A83C940008335A4 /* FolderCollectionViewCell.swift */ = {isa = PBXFileReference; fileEncoding = 4; lastKnownFileType = sourcecode.swift; path = FolderCollectionViewCell.swift; sourceTree = "<group>"; };
		EBECF34E1A83DBAA008335A4 /* SWSnapshotStackView.h */ = {isa = PBXFileReference; fileEncoding = 4; lastKnownFileType = sourcecode.c.h; path = SWSnapshotStackView.h; sourceTree = "<group>"; };
		EBECF34F1A83DBAA008335A4 /* SWSnapshotStackView.m */ = {isa = PBXFileReference; fileEncoding = 4; lastKnownFileType = sourcecode.c.objc; path = SWSnapshotStackView.m; sourceTree = "<group>"; };
		EBECF3511A83E091008335A4 /* 350D_IMG_3157_20071030w.jpg */ = {isa = PBXFileReference; lastKnownFileType = image.jpeg; path = 350D_IMG_3157_20071030w.jpg; sourceTree = "<group>"; };
		EBECF3531A83E3FF008335A4 /* QuartzCore.framework */ = {isa = PBXFileReference; lastKnownFileType = wrapper.framework; name = QuartzCore.framework; path = System/Library/Frameworks/QuartzCore.framework; sourceTree = SDKROOT; };
		EBF1B6531A7E7B4B00EF28DB /* LookAndFeel.swift */ = {isa = PBXFileReference; fileEncoding = 4; lastKnownFileType = sourcecode.swift; path = LookAndFeel.swift; sourceTree = "<group>"; };
		EBF1B6551A7E7D4900EF28DB /* AppearanceWhenContainedIn.m */ = {isa = PBXFileReference; fileEncoding = 4; lastKnownFileType = sourcecode.c.objc; path = AppearanceWhenContainedIn.m; sourceTree = "<group>"; };
		EBF1B6571A7E7D5400EF28DB /* AppearanceWhenContainedIn.h */ = {isa = PBXFileReference; lastKnownFileType = sourcecode.c.h; path = AppearanceWhenContainedIn.h; sourceTree = "<group>"; };
		EBF1B6581A7E7DE900EF28DB /* save5-Bridging-Header.h */ = {isa = PBXFileReference; lastKnownFileType = sourcecode.c.h; path = "save5-Bridging-Header.h"; sourceTree = "<group>"; };
		EBF1B6591A7E7E3900EF28DB /* Utils.swift */ = {isa = PBXFileReference; fileEncoding = 4; lastKnownFileType = sourcecode.swift; path = Utils.swift; sourceTree = "<group>"; };
/* End PBXFileReference section */

/* Begin PBXFrameworksBuildPhase section */
		EB7DBC171A7D53430050CDF2 /* Frameworks */ = {
			isa = PBXFrameworksBuildPhase;
			buildActionMask = 2147483647;
			files = (
				EB708E2F1A96349E00B35A14 /* iAd.framework in Frameworks */,
				EBECF3541A83E3FF008335A4 /* QuartzCore.framework in Frameworks */,
				502719776D3D4B89F0F06605 /* libPods-save5.a in Frameworks */,
			);
			runOnlyForDeploymentPostprocessing = 0;
		};
		EB7DBC2F1A7D53430050CDF2 /* Frameworks */ = {
			isa = PBXFrameworksBuildPhase;
			buildActionMask = 2147483647;
			files = (
			);
			runOnlyForDeploymentPostprocessing = 0;
		};
/* End PBXFrameworksBuildPhase section */

/* Begin PBXGroup section */
		89FCFE71DB3D7213C3D227CF /* Pods */ = {
			isa = PBXGroup;
			children = (
				763789A38F1A52C44456F744 /* Pods-save5.debug.xcconfig */,
				728CF37D2695A70824FCA87B /* Pods-save5.release.xcconfig */,
			);
			name = Pods;
			sourceTree = "<group>";
		};
		EB7DBC111A7D53430050CDF2 = {
			isa = PBXGroup;
			children = (
				EBDCAB9C1A7FF645004B8A8A /* Localizable.strings */,
				EB7DBC1C1A7D53430050CDF2 /* save5 */,
				EB7DBC351A7D53430050CDF2 /* save5Tests */,
				EB7DBC1B1A7D53430050CDF2 /* Products */,
				89FCFE71DB3D7213C3D227CF /* Pods */,
				FA4B09D135793F90BFCDACA6 /* Frameworks */,
			);
			sourceTree = "<group>";
		};
		EB7DBC1B1A7D53430050CDF2 /* Products */ = {
			isa = PBXGroup;
			children = (
				EB7DBC1A1A7D53430050CDF2 /* save5.app */,
				EB7DBC321A7D53430050CDF2 /* save5Tests.xctest */,
			);
			name = Products;
			sourceTree = "<group>";
		};
		EB7DBC1C1A7D53430050CDF2 /* save5 */ = {
			isa = PBXGroup;
			children = (
				EBECA5481A8FC85100B5FBAD /* Delete */,
				EBDCAB9E1A7FF958004B8A8A /* Images */,
				EB7DBC681A7D831A0050CDF2 /* ValueObject */,
				EB7DBC651A7D82840050CDF2 /* ThirdParty */,
				EB7DBC601A7D6FA40050CDF2 /* Business */,
				EB7DBC571A7D654A0050CDF2 /* DataAccessObject */,
				EB7DBC501A7D64A80050CDF2 /* TableCell */,
				EB7DBC4B1A7D5F820050CDF2 /* ManagedObject */,
				EB7DBC421A7D5A2A0050CDF2 /* Controller */,
				EB7DBC1F1A7D53430050CDF2 /* AppDelegate.swift */,
				EB7DBC261A7D53430050CDF2 /* Main.storyboard */,
				EB7DBC291A7D53430050CDF2 /* Images.xcassets */,
				EB7DBC2B1A7D53430050CDF2 /* LaunchScreen.xib */,
				EB7DBC211A7D53430050CDF2 /* save5.xcdatamodeld */,
				EB7DBC1D1A7D53430050CDF2 /* Supporting Files */,
				EBF1B6531A7E7B4B00EF28DB /* LookAndFeel.swift */,
				EBF1B6591A7E7E3900EF28DB /* Utils.swift */,
				EBF1B6581A7E7DE900EF28DB /* save5-Bridging-Header.h */,
				EB0230321A9A0451009E42D1 /* NoReturnKeyTextfield.swift */,
			);
			path = save5;
			sourceTree = "<group>";
		};
		EB7DBC1D1A7D53430050CDF2 /* Supporting Files */ = {
			isa = PBXGroup;
			children = (
				EB7DBC1E1A7D53430050CDF2 /* Info.plist */,
			);
			name = "Supporting Files";
			sourceTree = "<group>";
		};
		EB7DBC351A7D53430050CDF2 /* save5Tests */ = {
			isa = PBXGroup;
			children = (
				EB7DBC381A7D53430050CDF2 /* save5Tests.swift */,
				EB7DBC361A7D53430050CDF2 /* Supporting Files */,
			);
			path = save5Tests;
			sourceTree = "<group>";
		};
		EB7DBC361A7D53430050CDF2 /* Supporting Files */ = {
			isa = PBXGroup;
			children = (
				EB7DBC371A7D53430050CDF2 /* Info.plist */,
			);
			name = "Supporting Files";
			sourceTree = "<group>";
		};
		EB7DBC421A7D5A2A0050CDF2 /* Controller */ = {
			isa = PBXGroup;
			children = (
				EB7DBC451A7D5A940050CDF2 /* ActiveDownloadsViewController.swift */,
				EB7DBC491A7D5AD90050CDF2 /* VideosBrowserViewController.swift */,
				EB7DBC581A7D6E170050CDF2 /* PlayerViewController.swift */,
				EBECF34A1A83C746008335A4 /* FoldersCollectionBrowserViewController.swift */,
				EB50C7B51A8A2111003CEAF6 /* SearchVideosTableViewController.swift */,
				EB48A7951A8B966100028B3D /* WebSearchViewController.swift */,
				EB47AE021A8CD68A00BD5BDB /* Extensions.swift */,
				EB0230341A9A0F13009E42D1 /* WebBrowserRecentSearchesViewController.swift */,
			);
			name = Controller;
			sourceTree = "<group>";
		};
		EB7DBC4B1A7D5F820050CDF2 /* ManagedObject */ = {
			isa = PBXGroup;
			children = (
				EB7DBC4C1A7D5FBB0050CDF2 /* Folder.swift */,
				EB4F588A1A9B358F0023255A /* WebRecentSearchItem.swift */,
				EB3E66AF1A8EAD13000702D6 /* Video.swift */,
			);
			name = ManagedObject;
			sourceTree = "<group>";
		};
		EB7DBC501A7D64A80050CDF2 /* TableCell */ = {
			isa = PBXGroup;
			children = (
				EB7DBC511A7D64E40050CDF2 /* ActiveDownloadTableViewCell.swift */,
				EB7DBC551A7D65110050CDF2 /* VideoTableViewCell.swift */,
				EBECF34C1A83C940008335A4 /* FolderCollectionViewCell.swift */,
				EB0230361A9A1178009E42D1 /* RecentSearchTableViewCell.swift */,
			);
			name = TableCell;
			sourceTree = "<group>";
		};
		EB7DBC571A7D654A0050CDF2 /* DataAccessObject */ = {
			isa = PBXGroup;
			children = (
				EB7DBC5A1A7D6E830050CDF2 /* BaseDAO.swift */,
				EB7DBC5C1A7D6E9D0050CDF2 /* FolderDAO.swift */,
				EB7DBC5E1A7D6EAB0050CDF2 /* VideoDAO.swift */,
				EB4F588E1A9B37A90023255A /* WebRecentSearchItemDAO.swift */,
			);
			name = DataAccessObject;
			sourceTree = "<group>";
		};
		EB7DBC601A7D6FA40050CDF2 /* Business */ = {
			isa = PBXGroup;
			children = (
				EB7DBC611A7D80580050CDF2 /* DownloadManager.swift */,
				EB7DBC631A7D80970050CDF2 /* DownloadTask.swift */,
				EB4F588C1A9B36C80023255A /* WebRecentSearchesManager.swift */,
			);
			name = Business;
			sourceTree = "<group>";
		};
		EB7DBC651A7D82840050CDF2 /* ThirdParty */ = {
			isa = PBXGroup;
			children = (
				EB7DBC661A7D82AE0050CDF2 /* Async.swift */,
				EBDCAB991A7FF5E5004B8A8A /* UIImage+Alpha.h */,
				EBECF34E1A83DBAA008335A4 /* SWSnapshotStackView.h */,
				EB0230381A9A4EB1009E42D1 /* XMLDictionary.h */,
				EB0230391A9A4EB1009E42D1 /* XMLDictionary.m */,
				EBECF34F1A83DBAA008335A4 /* SWSnapshotStackView.m */,
				EB65DC261A822ED200DB6ED6 /* CurledViewBase.h */,
				EB65DC271A822ED200DB6ED6 /* CurledViewBase.m */,
				EB3BEFBF1A837EB10037C482 /* DACircularProgressView.h */,
				EB3BEFC01A837EB10037C482 /* DACircularProgressView.m */,
				EB3BEFC11A837EB10037C482 /* DALabeledCircularProgressView.h */,
				EB3BEFC21A837EB10037C482 /* DALabeledCircularProgressView.m */,
				EB65DC231A822EB800DB6ED6 /* UIImageView+Curled.h */,
				EB65DC241A822EB800DB6ED6 /* UIImageView+Curled.m */,
				EBDCAB9A1A7FF5E5004B8A8A /* UIImage+Alpha.m */,
				EBF1B6571A7E7D5400EF28DB /* AppearanceWhenContainedIn.h */,
				EBF1B6551A7E7D4900EF28DB /* AppearanceWhenContainedIn.m */,
			);
			name = ThirdParty;
			sourceTree = "<group>";
		};
		EB7DBC681A7D831A0050CDF2 /* ValueObject */ = {
			isa = PBXGroup;
			children = (
				EB7DBC691A7D83380050CDF2 /* VideoVO.swift */,
			);
			name = ValueObject;
			sourceTree = "<group>";
		};
		EBDCAB9E1A7FF958004B8A8A /* Images */ = {
			isa = PBXGroup;
			children = (
				EBDCAB9F1A7FF9A2004B8A8A /* boton_rojo.png */,
				EBDCABA01A7FF9A2004B8A8A /* settings_filled-25.png */,
				EBECF3511A83E091008335A4 /* 350D_IMG_3157_20071030w.jpg */,
				EBDCABA11A7FF9A2004B8A8A /* boton_blanco.png */,
				EBDCABA21A7FF9A2004B8A8A /* big_downloads.png */,
				EBDCABA31A7FF9A2004B8A8A /* download_filled-25.png */,
				EBDCABA41A7FF9A2004B8A8A /* download-empty-state.png */,
				EBDCABA51A7FF9A2004B8A8A /* download-25.png */,
				EBDCABA61A7FF9A2004B8A8A /* big_video.png */,
				EB4243151A9521E70060FFB1 /* folder-empty.png */,
				EBDCABA71A7FF9A2004B8A8A /* big_magnifying_glass.png */,
				EBDCABA81A7FF9A2004B8A8A /* start.png */,
				EBDCABA91A7FF9A2004B8A8A /* saved-videos-empty-state.png */,
				EBDCABAA1A7FF9A2004B8A8A /* download-32.png */,
				EBDCABAB1A7FF9A2004B8A8A /* search-empty-state.png */,
				EBDCABAC1A7FF9A2004B8A8A /* trash-32.png */,
				EBDCABAD1A7FF9A2004B8A8A /* search-32.png */,
				EBDCABAE1A7FF9A2004B8A8A /* empty_box-100.png */,
				EBDCABAF1A7FF9A2004B8A8A /* loading_thumbnail_old.png */,
				EBDCABB01A7FF9A2004B8A8A /* hand-25.png */,
				EBDCABB11A7FF9A2004B8A8A /* broom-25.png */,
				EBDCABB21A7FF9A2004B8A8A /* search-25.png */,
				EBDCABB31A7FF9A2004B8A8A /* downloadtube_start.png */,
				EBDCABB41A7FF9A2004B8A8A /* loading_thumbnail.png */,
				EBDCABB51A7FF9A2004B8A8A /* boton_rojo_2.png */,
				EBDCABB61A7FF9A2004B8A8A /* movie-25.png */,
				EBDCABB71A7FF9A2004B8A8A /* movie-32.png */,
				EBDCABB81A7FF9A2004B8A8A /* movie-75.png */,
				EBDCABB91A7FF9A2004B8A8A /* broom-32.png */,
				EBDCABBA1A7FF9A2004B8A8A /* broom-50.png */,
				EBDCABBB1A7FF9A2004B8A8A /* youtube_play.png */,
				EBDCABBC1A7FF9A2004B8A8A /* unnamed.jpg */,
				EBDCABBD1A7FF9A2004B8A8A /* loading.gif */,
			);
			name = Images;
			sourceTree = "<group>";
		};
		EBECA5481A8FC85100B5FBAD /* Delete */ = {
			isa = PBXGroup;
			children = (
				EB7DBC471A7D5AC10050CDF2 /* FoldersBrowserViewController.swift */,
				EB7DBC431A7D5A600050CDF2 /* WebSearchViewControllerOLD.swift */,
				EB7DBC531A7D64FC0050CDF2 /* FolderTableViewCell.swift */,
			);
			name = Delete;
			sourceTree = "<group>";
		};
		FA4B09D135793F90BFCDACA6 /* Frameworks */ = {
			isa = PBXGroup;
			children = (
				EB708E2E1A96349E00B35A14 /* iAd.framework */,
				EBECF3531A83E3FF008335A4 /* QuartzCore.framework */,
				3BE037285AF0807A7DDD968B /* libPods-save5.a */,
			);
			name = Frameworks;
			sourceTree = "<group>";
		};
/* End PBXGroup section */

/* Begin PBXNativeTarget section */
		EB7DBC191A7D53430050CDF2 /* save5 */ = {
			isa = PBXNativeTarget;
			buildConfigurationList = EB7DBC3C1A7D53430050CDF2 /* Build configuration list for PBXNativeTarget "save5" */;
			buildPhases = (
				D3196439CAD73347FD24FAE7 /* Check Pods Manifest.lock */,
				EB7DBC161A7D53430050CDF2 /* Sources */,
				EB7DBC171A7D53430050CDF2 /* Frameworks */,
				EB7DBC181A7D53430050CDF2 /* Resources */,
				3CE48FA50B9525B113A942AE /* Copy Pods Resources */,
			);
			buildRules = (
			);
			dependencies = (
			);
			name = save5;
			productName = save5;
			productReference = EB7DBC1A1A7D53430050CDF2 /* save5.app */;
			productType = "com.apple.product-type.application";
		};
		EB7DBC311A7D53430050CDF2 /* save5Tests */ = {
			isa = PBXNativeTarget;
			buildConfigurationList = EB7DBC3F1A7D53430050CDF2 /* Build configuration list for PBXNativeTarget "save5Tests" */;
			buildPhases = (
				EB7DBC2E1A7D53430050CDF2 /* Sources */,
				EB7DBC2F1A7D53430050CDF2 /* Frameworks */,
				EB7DBC301A7D53430050CDF2 /* Resources */,
			);
			buildRules = (
			);
			dependencies = (
				EB7DBC341A7D53430050CDF2 /* PBXTargetDependency */,
			);
			name = save5Tests;
			productName = save5Tests;
			productReference = EB7DBC321A7D53430050CDF2 /* save5Tests.xctest */;
			productType = "com.apple.product-type.bundle.unit-test";
		};
/* End PBXNativeTarget section */

/* Begin PBXProject section */
		EB7DBC121A7D53430050CDF2 /* Project object */ = {
			isa = PBXProject;
			attributes = {
				LastUpgradeCheck = 0610;
				ORGANIZATIONNAME = "José Carlos Sobrino";
				TargetAttributes = {
					EB7DBC191A7D53430050CDF2 = {
						CreatedOnToolsVersion = 6.1.1;
					};
					EB7DBC311A7D53430050CDF2 = {
						CreatedOnToolsVersion = 6.1.1;
						TestTargetID = EB7DBC191A7D53430050CDF2;
					};
				};
			};
			buildConfigurationList = EB7DBC151A7D53430050CDF2 /* Build configuration list for PBXProject "save5" */;
			compatibilityVersion = "Xcode 3.2";
			developmentRegion = English;
			hasScannedForEncodings = 0;
			knownRegions = (
				en,
				Base,
			);
			mainGroup = EB7DBC111A7D53430050CDF2;
			productRefGroup = EB7DBC1B1A7D53430050CDF2 /* Products */;
			projectDirPath = "";
			projectRoot = "";
			targets = (
				EB7DBC191A7D53430050CDF2 /* save5 */,
				EB7DBC311A7D53430050CDF2 /* save5Tests */,
			);
		};
/* End PBXProject section */

/* Begin PBXResourcesBuildPhase section */
		EB7DBC181A7D53430050CDF2 /* Resources */ = {
			isa = PBXResourcesBuildPhase;
			buildActionMask = 2147483647;
			files = (
				EBDCABC21A7FF9A2004B8A8A /* download_filled-25.png in Resources */,
				EBDCABC11A7FF9A2004B8A8A /* big_downloads.png in Resources */,
				EBDCABCC1A7FF9A2004B8A8A /* search-32.png in Resources */,
				EBDCABC81A7FF9A2004B8A8A /* saved-videos-empty-state.png in Resources */,
				EBDCABC01A7FF9A2004B8A8A /* boton_blanco.png in Resources */,
				EB7DBC281A7D53430050CDF2 /* Main.storyboard in Resources */,
				EBDCABCB1A7FF9A2004B8A8A /* trash-32.png in Resources */,
				EBDCABD21A7FF9A2004B8A8A /* downloadtube_start.png in Resources */,
				EB4243161A9521E70060FFB1 /* folder-empty.png in Resources */,
				EBDCABBF1A7FF9A2004B8A8A /* settings_filled-25.png in Resources */,
				EBDCABD31A7FF9A2004B8A8A /* loading_thumbnail.png in Resources */,
				EBDCABD71A7FF9A2004B8A8A /* movie-75.png in Resources */,
				EBDCABBE1A7FF9A2004B8A8A /* boton_rojo.png in Resources */,
				EBDCABC71A7FF9A2004B8A8A /* start.png in Resources */,
				EBDCAB9D1A7FF645004B8A8A /* Localizable.strings in Resources */,
				EB7DBC2D1A7D53430050CDF2 /* LaunchScreen.xib in Resources */,
				EBDCABCE1A7FF9A2004B8A8A /* loading_thumbnail_old.png in Resources */,
				EBDCABD91A7FF9A2004B8A8A /* broom-50.png in Resources */,
				EBDCABD01A7FF9A2004B8A8A /* broom-25.png in Resources */,
				EBDCABC51A7FF9A2004B8A8A /* big_video.png in Resources */,
				EBDCABCD1A7FF9A2004B8A8A /* empty_box-100.png in Resources */,
				EBDCABDB1A7FF9A2004B8A8A /* unnamed.jpg in Resources */,
				EBDCABC41A7FF9A2004B8A8A /* download-25.png in Resources */,
				EBDCABD51A7FF9A2004B8A8A /* movie-25.png in Resources */,
				EBDCABDA1A7FF9A2004B8A8A /* youtube_play.png in Resources */,
				EBDCABD81A7FF9A2004B8A8A /* broom-32.png in Resources */,
				EBDCABD41A7FF9A2004B8A8A /* boton_rojo_2.png in Resources */,
				EBDCABC91A7FF9A2004B8A8A /* download-32.png in Resources */,
				EBDCABD11A7FF9A2004B8A8A /* search-25.png in Resources */,
				EBDCABD61A7FF9A2004B8A8A /* movie-32.png in Resources */,
				EBDCABCA1A7FF9A2004B8A8A /* search-empty-state.png in Resources */,
				EB7DBC2A1A7D53430050CDF2 /* Images.xcassets in Resources */,
				EBDCABCF1A7FF9A2004B8A8A /* hand-25.png in Resources */,
				EBECF3521A83E091008335A4 /* 350D_IMG_3157_20071030w.jpg in Resources */,
				EBDCABDC1A7FF9A2004B8A8A /* loading.gif in Resources */,
				EBDCABC61A7FF9A2004B8A8A /* big_magnifying_glass.png in Resources */,
				EBDCABC31A7FF9A2004B8A8A /* download-empty-state.png in Resources */,
			);
			runOnlyForDeploymentPostprocessing = 0;
		};
		EB7DBC301A7D53430050CDF2 /* Resources */ = {
			isa = PBXResourcesBuildPhase;
			buildActionMask = 2147483647;
			files = (
			);
			runOnlyForDeploymentPostprocessing = 0;
		};
/* End PBXResourcesBuildPhase section */

/* Begin PBXShellScriptBuildPhase section */
		3CE48FA50B9525B113A942AE /* Copy Pods Resources */ = {
			isa = PBXShellScriptBuildPhase;
			buildActionMask = 2147483647;
			files = (
			);
			inputPaths = (
			);
			name = "Copy Pods Resources";
			outputPaths = (
			);
			runOnlyForDeploymentPostprocessing = 0;
			shellPath = /bin/sh;
			shellScript = "\"${SRCROOT}/Pods/Target Support Files/Pods-save5/Pods-save5-resources.sh\"\n";
			showEnvVarsInLog = 0;
		};
		D3196439CAD73347FD24FAE7 /* Check Pods Manifest.lock */ = {
			isa = PBXShellScriptBuildPhase;
			buildActionMask = 2147483647;
			files = (
			);
			inputPaths = (
			);
			name = "Check Pods Manifest.lock";
			outputPaths = (
			);
			runOnlyForDeploymentPostprocessing = 0;
			shellPath = /bin/sh;
			shellScript = "diff \"${PODS_ROOT}/../Podfile.lock\" \"${PODS_ROOT}/Manifest.lock\" > /dev/null\nif [[ $? != 0 ]] ; then\n    cat << EOM\nerror: The sandbox is not in sync with the Podfile.lock. Run 'pod install' or update your CocoaPods installation.\nEOM\n    exit 1\nfi\n";
			showEnvVarsInLog = 0;
		};
/* End PBXShellScriptBuildPhase section */

/* Begin PBXSourcesBuildPhase section */
		EB7DBC161A7D53430050CDF2 /* Sources */ = {
			isa = PBXSourcesBuildPhase;
			buildActionMask = 2147483647;
			files = (
				EB7DBC541A7D64FC0050CDF2 /* FolderTableViewCell.swift in Sources */,
				EB3BEFC41A837EB10037C482 /* DALabeledCircularProgressView.m in Sources */,
				EB3E66B01A8EAD13000702D6 /* Video.swift in Sources */,
				EB7DBC641A7D80970050CDF2 /* DownloadTask.swift in Sources */,
				EB7DBC4A1A7D5AD90050CDF2 /* VideosBrowserViewController.swift in Sources */,
				EB7DBC521A7D64E40050CDF2 /* ActiveDownloadTableViewCell.swift in Sources */,
				EBF1B6541A7E7B4B00EF28DB /* LookAndFeel.swift in Sources */,
				EB7DBC671A7D82AE0050CDF2 /* Async.swift in Sources */,
				EB50C7B61A8A2111003CEAF6 /* SearchVideosTableViewController.swift in Sources */,
				EB4F588D1A9B36C80023255A /* WebRecentSearchesManager.swift in Sources */,
				EB7DBC621A7D80580050CDF2 /* DownloadManager.swift in Sources */,
				EBF1B65A1A7E7E3900EF28DB /* Utils.swift in Sources */,
				EB7DBC5F1A7D6EAB0050CDF2 /* VideoDAO.swift in Sources */,
				EB7DBC481A7D5AC10050CDF2 /* FoldersBrowserViewController.swift in Sources */,
				EBECF34B1A83C746008335A4 /* FoldersCollectionBrowserViewController.swift in Sources */,
				EB0230331A9A0451009E42D1 /* NoReturnKeyTextfield.swift in Sources */,
				EB65DC281A822ED200DB6ED6 /* CurledViewBase.m in Sources */,
				EB7DBC561A7D65110050CDF2 /* VideoTableViewCell.swift in Sources */,
				EBF1B6561A7E7D4900EF28DB /* AppearanceWhenContainedIn.m in Sources */,
				EB7DBC4D1A7D5FBB0050CDF2 /* Folder.swift in Sources */,
				EB02303A1A9A4EB1009E42D1 /* XMLDictionary.m in Sources */,
				EB7DBC591A7D6E170050CDF2 /* PlayerViewController.swift in Sources */,
				EB0230371A9A1178009E42D1 /* RecentSearchTableViewCell.swift in Sources */,
				EB4F588F1A9B37A90023255A /* WebRecentSearchItemDAO.swift in Sources */,
				EBECF3501A83DBAA008335A4 /* SWSnapshotStackView.m in Sources */,
				EB7DBC5B1A7D6E830050CDF2 /* BaseDAO.swift in Sources */,
				EB7DBC6A1A7D83380050CDF2 /* VideoVO.swift in Sources */,
				EB7DBC231A7D53430050CDF2 /* save5.xcdatamodeld in Sources */,
				EB7DBC461A7D5A940050CDF2 /* ActiveDownloadsViewController.swift in Sources */,
				EBDCAB9B1A7FF5E5004B8A8A /* UIImage+Alpha.m in Sources */,
				EB7DBC5D1A7D6E9D0050CDF2 /* FolderDAO.swift in Sources */,
				EB65DC251A822EB800DB6ED6 /* UIImageView+Curled.m in Sources */,
				EB7DBC201A7D53430050CDF2 /* AppDelegate.swift in Sources */,
				EBECF34D1A83C940008335A4 /* FolderCollectionViewCell.swift in Sources */,
				EB4F588B1A9B358F0023255A /* WebRecentSearchItem.swift in Sources */,
				EB7DBC441A7D5A600050CDF2 /* WebSearchViewControllerOLD.swift in Sources */,
				EB48A7961A8B966100028B3D /* WebSearchViewController.swift in Sources */,
				EB47AE031A8CD68A00BD5BDB /* Extensions.swift in Sources */,
				EB3BEFC31A837EB10037C482 /* DACircularProgressView.m in Sources */,
				EB0230351A9A0F13009E42D1 /* WebBrowserRecentSearchesViewController.swift in Sources */,
			);
			runOnlyForDeploymentPostprocessing = 0;
		};
		EB7DBC2E1A7D53430050CDF2 /* Sources */ = {
			isa = PBXSourcesBuildPhase;
			buildActionMask = 2147483647;
			files = (
				EB7DBC391A7D53430050CDF2 /* save5Tests.swift in Sources */,
			);
			runOnlyForDeploymentPostprocessing = 0;
		};
/* End PBXSourcesBuildPhase section */

/* Begin PBXTargetDependency section */
		EB7DBC341A7D53430050CDF2 /* PBXTargetDependency */ = {
			isa = PBXTargetDependency;
			target = EB7DBC191A7D53430050CDF2 /* save5 */;
			targetProxy = EB7DBC331A7D53430050CDF2 /* PBXContainerItemProxy */;
		};
/* End PBXTargetDependency section */

/* Begin PBXVariantGroup section */
		EB7DBC261A7D53430050CDF2 /* Main.storyboard */ = {
			isa = PBXVariantGroup;
			children = (
				EB7DBC271A7D53430050CDF2 /* Base */,
			);
			name = Main.storyboard;
			sourceTree = "<group>";
		};
		EB7DBC2B1A7D53430050CDF2 /* LaunchScreen.xib */ = {
			isa = PBXVariantGroup;
			children = (
				EB7DBC2C1A7D53430050CDF2 /* Base */,
			);
			name = LaunchScreen.xib;
			sourceTree = "<group>";
		};
/* End PBXVariantGroup section */

/* Begin XCBuildConfiguration section */
		EB7DBC3A1A7D53430050CDF2 /* Debug */ = {
			isa = XCBuildConfiguration;
			buildSettings = {
				ALWAYS_SEARCH_USER_PATHS = NO;
				CLANG_CXX_LANGUAGE_STANDARD = "gnu++0x";
				CLANG_CXX_LIBRARY = "libc++";
				CLANG_ENABLE_MODULES = YES;
				CLANG_ENABLE_OBJC_ARC = YES;
				CLANG_WARN_BOOL_CONVERSION = YES;
				CLANG_WARN_CONSTANT_CONVERSION = YES;
				CLANG_WARN_DIRECT_OBJC_ISA_USAGE = YES_ERROR;
				CLANG_WARN_EMPTY_BODY = YES;
				CLANG_WARN_ENUM_CONVERSION = YES;
				CLANG_WARN_INT_CONVERSION = YES;
				CLANG_WARN_OBJC_ROOT_CLASS = YES_ERROR;
				CLANG_WARN_UNREACHABLE_CODE = YES;
				CLANG_WARN__DUPLICATE_METHOD_MATCH = YES;
				"CODE_SIGN_IDENTITY[sdk=iphoneos*]" = "iPhone Developer";
				COPY_PHASE_STRIP = NO;
				ENABLE_STRICT_OBJC_MSGSEND = YES;
				GCC_C_LANGUAGE_STANDARD = gnu99;
				GCC_DYNAMIC_NO_PIC = NO;
				GCC_OPTIMIZATION_LEVEL = 0;
				GCC_PREPROCESSOR_DEFINITIONS = (
					"DEBUG=1",
					"$(inherited)",
				);
				GCC_SYMBOLS_PRIVATE_EXTERN = NO;
				GCC_WARN_64_TO_32_BIT_CONVERSION = YES;
				GCC_WARN_ABOUT_RETURN_TYPE = YES_ERROR;
				GCC_WARN_UNDECLARED_SELECTOR = YES;
				GCC_WARN_UNINITIALIZED_AUTOS = YES_AGGRESSIVE;
				GCC_WARN_UNUSED_FUNCTION = YES;
				GCC_WARN_UNUSED_VARIABLE = YES;
				IPHONEOS_DEPLOYMENT_TARGET = 8.1;
				MTL_ENABLE_DEBUG_INFO = YES;
				ONLY_ACTIVE_ARCH = YES;
				SDKROOT = iphoneos;
				SWIFT_OPTIMIZATION_LEVEL = "-Onone";
			};
			name = Debug;
		};
		EB7DBC3B1A7D53430050CDF2 /* Release */ = {
			isa = XCBuildConfiguration;
			buildSettings = {
				ALWAYS_SEARCH_USER_PATHS = NO;
				CLANG_CXX_LANGUAGE_STANDARD = "gnu++0x";
				CLANG_CXX_LIBRARY = "libc++";
				CLANG_ENABLE_MODULES = YES;
				CLANG_ENABLE_OBJC_ARC = YES;
				CLANG_WARN_BOOL_CONVERSION = YES;
				CLANG_WARN_CONSTANT_CONVERSION = YES;
				CLANG_WARN_DIRECT_OBJC_ISA_USAGE = YES_ERROR;
				CLANG_WARN_EMPTY_BODY = YES;
				CLANG_WARN_ENUM_CONVERSION = YES;
				CLANG_WARN_INT_CONVERSION = YES;
				CLANG_WARN_OBJC_ROOT_CLASS = YES_ERROR;
				CLANG_WARN_UNREACHABLE_CODE = YES;
				CLANG_WARN__DUPLICATE_METHOD_MATCH = YES;
				"CODE_SIGN_IDENTITY[sdk=iphoneos*]" = "iPhone Developer";
				COPY_PHASE_STRIP = YES;
				ENABLE_NS_ASSERTIONS = NO;
				ENABLE_STRICT_OBJC_MSGSEND = YES;
				GCC_C_LANGUAGE_STANDARD = gnu99;
				GCC_WARN_64_TO_32_BIT_CONVERSION = YES;
				GCC_WARN_ABOUT_RETURN_TYPE = YES_ERROR;
				GCC_WARN_UNDECLARED_SELECTOR = YES;
				GCC_WARN_UNINITIALIZED_AUTOS = YES_AGGRESSIVE;
				GCC_WARN_UNUSED_FUNCTION = YES;
				GCC_WARN_UNUSED_VARIABLE = YES;
				IPHONEOS_DEPLOYMENT_TARGET = 8.1;
				MTL_ENABLE_DEBUG_INFO = NO;
				SDKROOT = iphoneos;
				VALIDATE_PRODUCT = YES;
			};
			name = Release;
		};
		EB7DBC3D1A7D53430050CDF2 /* Debug */ = {
			isa = XCBuildConfiguration;
			baseConfigurationReference = 763789A38F1A52C44456F744 /* Pods-save5.debug.xcconfig */;
			buildSettings = {
				ASSETCATALOG_COMPILER_APPICON_NAME = AppIcon;
				CLANG_ENABLE_MODULES = YES;
				INFOPLIST_FILE = save5/Info.plist;
				LD_RUNPATH_SEARCH_PATHS = "$(inherited) @executable_path/Frameworks";
				PRODUCT_NAME = "$(TARGET_NAME)";
				SWIFT_OBJC_BRIDGING_HEADER = "save5/save5-Bridging-Header.h";
				SWIFT_OPTIMIZATION_LEVEL = "-Onone";
			};
			name = Debug;
		};
		EB7DBC3E1A7D53430050CDF2 /* Release */ = {
			isa = XCBuildConfiguration;
			baseConfigurationReference = 728CF37D2695A70824FCA87B /* Pods-save5.release.xcconfig */;
			buildSettings = {
				ASSETCATALOG_COMPILER_APPICON_NAME = AppIcon;
				CLANG_ENABLE_MODULES = YES;
				INFOPLIST_FILE = save5/Info.plist;
				LD_RUNPATH_SEARCH_PATHS = "$(inherited) @executable_path/Frameworks";
				PRODUCT_NAME = "$(TARGET_NAME)";
				SWIFT_OBJC_BRIDGING_HEADER = "save5/save5-Bridging-Header.h";
			};
			name = Release;
		};
		EB7DBC401A7D53430050CDF2 /* Debug */ = {
			isa = XCBuildConfiguration;
			buildSettings = {
				BUNDLE_LOADER = "$(TEST_HOST)";
				FRAMEWORK_SEARCH_PATHS = (
					"$(SDKROOT)/Developer/Library/Frameworks",
					"$(inherited)",
				);
				GCC_PREPROCESSOR_DEFINITIONS = (
					"DEBUG=1",
					"$(inherited)",
				);
				INFOPLIST_FILE = save5Tests/Info.plist;
				LD_RUNPATH_SEARCH_PATHS = "$(inherited) @executable_path/Frameworks @loader_path/Frameworks";
				PRODUCT_NAME = "$(TARGET_NAME)";
				TEST_HOST = "$(BUILT_PRODUCTS_DIR)/save5.app/save5";
			};
			name = Debug;
		};
		EB7DBC411A7D53430050CDF2 /* Release */ = {
			isa = XCBuildConfiguration;
			buildSettings = {
				BUNDLE_LOADER = "$(TEST_HOST)";
				FRAMEWORK_SEARCH_PATHS = (
					"$(SDKROOT)/Developer/Library/Frameworks",
					"$(inherited)",
				);
				INFOPLIST_FILE = save5Tests/Info.plist;
				LD_RUNPATH_SEARCH_PATHS = "$(inherited) @executable_path/Frameworks @loader_path/Frameworks";
				PRODUCT_NAME = "$(TARGET_NAME)";
				TEST_HOST = "$(BUILT_PRODUCTS_DIR)/save5.app/save5";
			};
			name = Release;
		};
/* End XCBuildConfiguration section */

/* Begin XCConfigurationList section */
		EB7DBC151A7D53430050CDF2 /* Build configuration list for PBXProject "save5" */ = {
			isa = XCConfigurationList;
			buildConfigurations = (
				EB7DBC3A1A7D53430050CDF2 /* Debug */,
				EB7DBC3B1A7D53430050CDF2 /* Release */,
			);
			defaultConfigurationIsVisible = 0;
			defaultConfigurationName = Release;
		};
		EB7DBC3C1A7D53430050CDF2 /* Build configuration list for PBXNativeTarget "save5" */ = {
			isa = XCConfigurationList;
			buildConfigurations = (
				EB7DBC3D1A7D53430050CDF2 /* Debug */,
				EB7DBC3E1A7D53430050CDF2 /* Release */,
			);
			defaultConfigurationIsVisible = 0;
			defaultConfigurationName = Release;
		};
		EB7DBC3F1A7D53430050CDF2 /* Build configuration list for PBXNativeTarget "save5Tests" */ = {
			isa = XCConfigurationList;
			buildConfigurations = (
				EB7DBC401A7D53430050CDF2 /* Debug */,
				EB7DBC411A7D53430050CDF2 /* Release */,
			);
			defaultConfigurationIsVisible = 0;
			defaultConfigurationName = Release;
		};
/* End XCConfigurationList section */

/* Begin XCVersionGroup section */
		EB7DBC211A7D53430050CDF2 /* save5.xcdatamodeld */ = {
			isa = XCVersionGroup;
			children = (
				EB7DBC221A7D53430050CDF2 /* save5.xcdatamodel */,
			);
			currentVersion = EB7DBC221A7D53430050CDF2 /* save5.xcdatamodel */;
			path = save5.xcdatamodeld;
			sourceTree = "<group>";
			versionGroupType = wrapper.xcdatamodel;
		};
/* End XCVersionGroup section */
	};
	rootObject = EB7DBC121A7D53430050CDF2 /* Project object */;
}
